{
  "name": "aran",
  "version": "1.4.0",
  "lockfileVersion": 1,
  "requires": true,
  "dependencies": {
    "array-lite": {
      "version": "0.1.0",
      "resolved": "https://registry.npmjs.org/array-lite/-/array-lite-0.1.0.tgz",
      "integrity": "sha512-UX1Bfy+ztC0z42risU0MdQqjA6jBo+Gi3G7N2DwZVExisXNNK7zfZz6TJnJNira5JNvhV9H2PV1aLLuDqKTIgA=="
    }
  }
}
