{
  "name": "aran",
  "version": "1.4.0",
  "lockfileVersion": 1,
  "requires": true,
  "dependencies": {
    "array-lite": {
      "version": "0.0.3",
      "resolved": "https://registry.npmjs.org/array-lite/-/array-lite-0.0.3.tgz",
      "integrity": "sha512-eA4ucLYgmu7u+Js8kEwpH3sCgdHABiGE4KIEhfrF9V/9OKjTmuqnoai5cHGtb/ViPj2V8ssUlF7LQg/NIuPz6g=="
    }
  }
}
