{
  "name": "aran",
  "version": "1.4.0",
  "lockfileVersion": 1,
  "requires": true,
  "dependencies": {
    "array-lite": {
      "version": "0.0.2",
      "resolved": "https://registry.npmjs.org/array-lite/-/array-lite-0.0.2.tgz",
      "integrity": "sha512-62YJFecJdxtULYbRpRfOF9Cp/CFDodPExQ+/8LpD4iIwRJoNqdULxe24eCZRn8X84CyLKC7Kgdr6ZFr0+D0J1w=="
    }
  }
}
